# Generated by pub
# See http://pub.dartlang.org/doc/glossary.html#lockfile
packages:
  barback:
    description: barback
    source: hosted
    version: "0.15.0+1"
  chrome:
    description: chrome
    source: hosted
    version: "0.6.3"
  collection:
    description: collection
    source: hosted
    version: "1.0.0"
  path:
    description: path
    source: hosted
    version: "1.3.0"
  pool:
    description: pool
    source: hosted
    version: "1.0.1"
  source_span:
    description: source_span
    source: hosted
    version: "1.0.0"
  stack_trace:
    description: stack_trace
    source: hosted
    version: "1.0.2"
